
Microsoft Visual Studio Solution File, Format Version 12.00
# Visual Studio 14
VisualStudioVersion = 14.0.25420.1
MinimumVisualStudioVersion = 10.0.40219.1
Project("{2150E333-8FDC-42A3-9474-1A3956D46DE8}") = "src", "src", "{0C466489-BC27-465E-8CC0-6E918D6B201C}"
EndProject
Project("{2150E333-8FDC-42A3-9474-1A3956D46DE8}") = "Solution Items", "Solution Items", "{FE264972-894D-47F6-9E3B-1C2DCFD34D9D}"
	ProjectSection(SolutionItems) = preProject
		global.json = global.json
	EndProjectSection
EndProject
Project("{8BB2217D-0F2D-49D1-97BC-3654ED321F3B}") = "FunPOL_App", "src\FunPOL_App\FunPOL_App.xproj", "{E077C1FD-6AC8-4E3F-AF40-10340FE1ABF0}"
EndProject
Project("{2150E333-8FDC-42A3-9474-1A3956D46DE8}") = "Shared", "Shared", "{F50ACC85-DDF2-48DE-BE5C-4FCB479F55D2}"
EndProject
Project("{2150E333-8FDC-42A3-9474-1A3956D46DE8}") = "Global.Services", "Global.Services", "{802DFE74-763C-4FC0-BD19-2AE58645E283}"
EndProject
Project("{2150E333-8FDC-42A3-9474-1A3956D46DE8}") = "Services", "Services", "{FDC84A02-9049-4D11-A5F1-7724DF94D16C}"
EndProject
Project("{2150E333-8FDC-42A3-9474-1A3956D46DE8}") = "DataAccess", "DataAccess", "{82FCC912-7DF2-4B99-9511-1B9A56310C04}"
EndProject
Project("{2150E333-8FDC-42A3-9474-1A3956D46DE8}") = "Plugins", "Plugins", "{AE4DCEDE-C079-4CBE-97C3-228349FA3CE0}"
EndProject
Project("{2150E333-8FDC-42A3-9474-1A3956D46DE8}") = "Tests", "Tests", "{8C1FE4B8-712C-4315-A54D-B28DD699F5A1}"
EndProject
Project("{8BB2217D-0F2D-49D1-97BC-3654ED321F3B}") = "FunPOL.Model", "FunPOL.Model\FunPOL.Model.xproj", "{7F6E9BA7-C613-4AE3-9E75-3B7A1891867B}"
EndProject
Project("{8BB2217D-0F2D-49D1-97BC-3654ED321F3B}") = "FunPOL.Repository.Contract", "FunPOL.Repository.Contract\FunPOL.Repository.Contract.xproj", "{E581E4DD-44F0-46DC-B052-BB2566DF5DA1}"
EndProject
Project("{8BB2217D-0F2D-49D1-97BC-3654ED321F3B}") = "FunPOL.Repository", "FunPOL.Repository\FunPOL.Repository.xproj", "{7111C366-8B16-464B-B642-1B9D33233CF4}"
EndProject
Project("{8BB2217D-0F2D-49D1-97BC-3654ED321F3B}") = "FunPOL.Service.Contract", "FunPOL.Service.Contract\FunPOL.Service.Contract.xproj", "{72E46ECD-D466-4C3B-8C35-204500CB8AF1}"
EndProject
Project("{8BB2217D-0F2D-49D1-97BC-3654ED321F3B}") = "FunPOL.Services", "FunPOL.Services\FunPOL.Services.xproj", "{ED6B4FFB-5DA3-4BB0-8C1A-EE70D8CD28BD}"
EndProject
Project("{8BB2217D-0F2D-49D1-97BC-3654ED321F3B}") = "FunPOL.UnitOfWork", "FunPOL.UnitOfWork\FunPOL.UnitOfWork.xproj", "{F19F71E5-E445-4E61-A163-F910778D076B}"
EndProject
Project("{8BB2217D-0F2D-49D1-97BC-3654ED321F3B}") = "FunPOL.Test", "FunPOL.Test\FunPOL.Test.xproj", "{4ACFD880-D09B-4B1A-BE1F-72EE847C2067}"
EndProject
Project("{8BB2217D-0F2D-49D1-97BC-3654ED321F3B}") = "FunPOL.Utilities", "FunPOL.Utilities\FunPOL.Utilities.xproj", "{75C6E64F-9C2D-4950-B02C-09BCF88A9E10}"
EndProject
Project("{8BB2217D-0F2D-49D1-97BC-3654ED321F3B}") = "FunPOL.Global.Services", "FunPOL.Global.Services\FunPOL.Global.Services.xproj", "{F2F14DBB-A9E9-4698-BB06-2723E7CE67D5}"
EndProject
Project("{00D1A9C2-B5F0-4AF3-8072-F6C62B433612}") = "FunPOL.DBObjects", "FunPOL.DBObjects\FunPOL.DBObjects.sqlproj", "{58BD5B90-CE6F-489E-8CE3-2230F1D3B87A}"
EndProject
Project("{8BB2217D-0F2D-49D1-97BC-3654ED321F3B}") = "FunPOL.Web.Core", "src\FunPOL.Web.Core\FunPOL.Web.Core.xproj", "{49508148-E487-442E-B203-DA5E9E570390}"
EndProject
Global
	GlobalSection(SolutionConfigurationPlatforms) = preSolution
		Debug|Any CPU = Debug|Any CPU
		Release|Any CPU = Release|Any CPU
	EndGlobalSection
	GlobalSection(ProjectConfigurationPlatforms) = postSolution
		{E077C1FD-6AC8-4E3F-AF40-10340FE1ABF0}.Debug|Any CPU.ActiveCfg = Debug|Any CPU
		{E077C1FD-6AC8-4E3F-AF40-10340FE1ABF0}.Debug|Any CPU.Build.0 = Debug|Any CPU
		{E077C1FD-6AC8-4E3F-AF40-10340FE1ABF0}.Release|Any CPU.ActiveCfg = Release|Any CPU
		{E077C1FD-6AC8-4E3F-AF40-10340FE1ABF0}.Release|Any CPU.Build.0 = Release|Any CPU
		{7F6E9BA7-C613-4AE3-9E75-3B7A1891867B}.Debug|Any CPU.ActiveCfg = Debug|Any CPU
		{7F6E9BA7-C613-4AE3-9E75-3B7A1891867B}.Debug|Any CPU.Build.0 = Debug|Any CPU
		{7F6E9BA7-C613-4AE3-9E75-3B7A1891867B}.Release|Any CPU.ActiveCfg = Release|Any CPU
		{7F6E9BA7-C613-4AE3-9E75-3B7A1891867B}.Release|Any CPU.Build.0 = Release|Any CPU
		{E581E4DD-44F0-46DC-B052-BB2566DF5DA1}.Debug|Any CPU.ActiveCfg = Debug|Any CPU
		{E581E4DD-44F0-46DC-B052-BB2566DF5DA1}.Debug|Any CPU.Build.0 = Debug|Any CPU
		{E581E4DD-44F0-46DC-B052-BB2566DF5DA1}.Release|Any CPU.ActiveCfg = Release|Any CPU
		{E581E4DD-44F0-46DC-B052-BB2566DF5DA1}.Release|Any CPU.Build.0 = Release|Any CPU
		{7111C366-8B16-464B-B642-1B9D33233CF4}.Debug|Any CPU.ActiveCfg = Debug|Any CPU
		{7111C366-8B16-464B-B642-1B9D33233CF4}.Debug|Any CPU.Build.0 = Debug|Any CPU
		{7111C366-8B16-464B-B642-1B9D33233CF4}.Release|Any CPU.ActiveCfg = Release|Any CPU
		{7111C366-8B16-464B-B642-1B9D33233CF4}.Release|Any CPU.Build.0 = Release|Any CPU
		{72E46ECD-D466-4C3B-8C35-204500CB8AF1}.Debug|Any CPU.ActiveCfg = Debug|Any CPU
		{72E46ECD-D466-4C3B-8C35-204500CB8AF1}.Debug|Any CPU.Build.0 = Debug|Any CPU
		{72E46ECD-D466-4C3B-8C35-204500CB8AF1}.Release|Any CPU.ActiveCfg = Release|Any CPU
		{72E46ECD-D466-4C3B-8C35-204500CB8AF1}.Release|Any CPU.Build.0 = Release|Any CPU
		{ED6B4FFB-5DA3-4BB0-8C1A-EE70D8CD28BD}.Debug|Any CPU.ActiveCfg = Debug|Any CPU
		{ED6B4FFB-5DA3-4BB0-8C1A-EE70D8CD28BD}.Debug|Any CPU.Build.0 = Debug|Any CPU
		{ED6B4FFB-5DA3-4BB0-8C1A-EE70D8CD28BD}.Release|Any CPU.ActiveCfg = Release|Any CPU
		{ED6B4FFB-5DA3-4BB0-8C1A-EE70D8CD28BD}.Release|Any CPU.Build.0 = Release|Any CPU
		{F19F71E5-E445-4E61-A163-F910778D076B}.Debug|Any CPU.ActiveCfg = Debug|Any CPU
		{F19F71E5-E445-4E61-A163-F910778D076B}.Debug|Any CPU.Build.0 = Debug|Any CPU
		{F19F71E5-E445-4E61-A163-F910778D076B}.Release|Any CPU.ActiveCfg = Release|Any CPU
		{F19F71E5-E445-4E61-A163-F910778D076B}.Release|Any CPU.Build.0 = Release|Any CPU
		{4ACFD880-D09B-4B1A-BE1F-72EE847C2067}.Debug|Any CPU.ActiveCfg = Debug|Any CPU
		{4ACFD880-D09B-4B1A-BE1F-72EE847C2067}.Debug|Any CPU.Build.0 = Debug|Any CPU
		{4ACFD880-D09B-4B1A-BE1F-72EE847C2067}.Release|Any CPU.ActiveCfg = Release|Any CPU
		{4ACFD880-D09B-4B1A-BE1F-72EE847C2067}.Release|Any CPU.Build.0 = Release|Any CPU
		{75C6E64F-9C2D-4950-B02C-09BCF88A9E10}.Debug|Any CPU.ActiveCfg = Debug|Any CPU
		{75C6E64F-9C2D-4950-B02C-09BCF88A9E10}.Debug|Any CPU.Build.0 = Debug|Any CPU
		{75C6E64F-9C2D-4950-B02C-09BCF88A9E10}.Release|Any CPU.ActiveCfg = Release|Any CPU
		{75C6E64F-9C2D-4950-B02C-09BCF88A9E10}.Release|Any CPU.Build.0 = Release|Any CPU
		{F2F14DBB-A9E9-4698-BB06-2723E7CE67D5}.Debug|Any CPU.ActiveCfg = Debug|Any CPU
		{F2F14DBB-A9E9-4698-BB06-2723E7CE67D5}.Debug|Any CPU.Build.0 = Debug|Any CPU
		{F2F14DBB-A9E9-4698-BB06-2723E7CE67D5}.Release|Any CPU.ActiveCfg = Release|Any CPU
		{F2F14DBB-A9E9-4698-BB06-2723E7CE67D5}.Release|Any CPU.Build.0 = Release|Any CPU
		{58BD5B90-CE6F-489E-8CE3-2230F1D3B87A}.Debug|Any CPU.ActiveCfg = Debug|Any CPU
		{58BD5B90-CE6F-489E-8CE3-2230F1D3B87A}.Debug|Any CPU.Build.0 = Debug|Any CPU
		{58BD5B90-CE6F-489E-8CE3-2230F1D3B87A}.Debug|Any CPU.Deploy.0 = Debug|Any CPU
		{58BD5B90-CE6F-489E-8CE3-2230F1D3B87A}.Release|Any CPU.ActiveCfg = Release|Any CPU
		{58BD5B90-CE6F-489E-8CE3-2230F1D3B87A}.Release|Any CPU.Build.0 = Release|Any CPU
		{58BD5B90-CE6F-489E-8CE3-2230F1D3B87A}.Release|Any CPU.Deploy.0 = Release|Any CPU
		{49508148-E487-442E-B203-DA5E9E570390}.Debug|Any CPU.ActiveCfg = Debug|Any CPU
		{49508148-E487-442E-B203-DA5E9E570390}.Debug|Any CPU.Build.0 = Debug|Any CPU
		{49508148-E487-442E-B203-DA5E9E570390}.Release|Any CPU.ActiveCfg = Release|Any CPU
		{49508148-E487-442E-B203-DA5E9E570390}.Release|Any CPU.Build.0 = Release|Any CPU
	EndGlobalSection
	GlobalSection(SolutionProperties) = preSolution
		HideSolutionNode = FALSE
	EndGlobalSection
	GlobalSection(NestedProjects) = preSolution
		{E077C1FD-6AC8-4E3F-AF40-10340FE1ABF0} = {0C466489-BC27-465E-8CC0-6E918D6B201C}
		{7F6E9BA7-C613-4AE3-9E75-3B7A1891867B} = {82FCC912-7DF2-4B99-9511-1B9A56310C04}
		{E581E4DD-44F0-46DC-B052-BB2566DF5DA1} = {82FCC912-7DF2-4B99-9511-1B9A56310C04}
		{7111C366-8B16-464B-B642-1B9D33233CF4} = {82FCC912-7DF2-4B99-9511-1B9A56310C04}
		{72E46ECD-D466-4C3B-8C35-204500CB8AF1} = {FDC84A02-9049-4D11-A5F1-7724DF94D16C}
		{ED6B4FFB-5DA3-4BB0-8C1A-EE70D8CD28BD} = {FDC84A02-9049-4D11-A5F1-7724DF94D16C}
		{F19F71E5-E445-4E61-A163-F910778D076B} = {F50ACC85-DDF2-48DE-BE5C-4FCB479F55D2}
		{4ACFD880-D09B-4B1A-BE1F-72EE847C2067} = {8C1FE4B8-712C-4315-A54D-B28DD699F5A1}
		{75C6E64F-9C2D-4950-B02C-09BCF88A9E10} = {AE4DCEDE-C079-4CBE-97C3-228349FA3CE0}
		{F2F14DBB-A9E9-4698-BB06-2723E7CE67D5} = {802DFE74-763C-4FC0-BD19-2AE58645E283}
		{58BD5B90-CE6F-489E-8CE3-2230F1D3B87A} = {82FCC912-7DF2-4B99-9511-1B9A56310C04}
		{49508148-E487-442E-B203-DA5E9E570390} = {0C466489-BC27-465E-8CC0-6E918D6B201C}
	EndGlobalSection
EndGlobal
